<?xml version="1.0" encoding="utf-8"?>
<Project ToolsVersion="4.0" xmlns="http://schemas.microsoft.com/developer/msbuild/2003">
  <ItemGroup>
    <Filter Include="源文件">
      <UniqueIdentifier>{4FC737F1-C7A5-4376-A066-2A32D752A2FF}</UniqueIdentifier>
      <Extensions>cpp;c;cc;cxx;c++;cppm;ixx;def;odl;idl;hpj;bat;asm;asmx</Extensions>
    </Filter>
    <Filter Include="头文件">
      <UniqueIdentifier>{93995380-89BD-4b04-88EB-625FBE52EBFB}</UniqueIdentifier>
      <Extensions>h;hh;hpp;hxx;h++;hm;inl;inc;ipp;xsd</Extensions>
    </Filter>
    <Filter Include="资源文件">
      <UniqueIdentifier>{67DA6AB6-F800-4c08-8B7A-83BB121AAD01}</UniqueIdentifier>
      <Extensions>rc;ico;cur;bmp;dlg;rc2;rct;bin;rgs;gif;jpg;jpeg;jpe;resx;tiff;tif;png;wav;mfcribbon-ms</Extensions>
    </Filter>
    <Filter Include="头文件\Manager">
      <UniqueIdentifier>{d50e08e0-994f-4676-9f4d-b0f7080720e8}</UniqueIdentifier>
    </Filter>
    <Filter Include="源文件\Manager">
      <UniqueIdentifier>{ee29fd14-824a-4761-bf95-65092c8b1ab4}</UniqueIdentifier>
    </Filter>
    <Filter Include="源文件\cJSON">
      <UniqueIdentifier>{97d08e44-5be6-4be1-a3f4-684f02e7ed7d}</UniqueIdentifier>
    </Filter>
    <Filter Include="源文件\Enemy">
      <UniqueIdentifier>{a2462880-1d52-4631-bf89-33d36ff60c96}</UniqueIdentifier>
    </Filter>
    <Filter Include="头文件\Enemy">
      <UniqueIdentifier>{d203d8f3-9afd-45b4-b9ec-b9af4df46376}</UniqueIdentifier>
    </Filter>
    <Filter Include="头文件\bullet">
      <UniqueIdentifier>{328f7542-d87d-4ea6-b34a-e826a0b2ae0d}</UniqueIdentifier>
    </Filter>
    <Filter Include="源文件\bullet">
      <UniqueIdentifier>{96fa8c46-ef71-45d0-acbf-db927849f72e}</UniqueIdentifier>
    </Filter>
    <Filter Include="头文件\Tower">
      <UniqueIdentifier>{1219b1db-20a5-473e-a939-332a188c6703}</UniqueIdentifier>
    </Filter>
    <Filter Include="源文件\Tower">
      <UniqueIdentifier>{3c1a4e36-ca56-4f04-876f-65e8a52eafb8}</UniqueIdentifier>
    </Filter>
    <Filter Include="头文件\UI">
      <UniqueIdentifier>{a75b9d24-172d-44db-9743-c4f40e8f6e5b}</UniqueIdentifier>
    </Filter>
    <Filter Include="头文件\UI\Panel">
      <UniqueIdentifier>{d70bb55a-e3a1-4216-86db-35d98feed711}</UniqueIdentifier>
    </Filter>
    <Filter Include="源文件\UI">
      <UniqueIdentifier>{cf4383d4-3c3f-446c-baa8-1e5bcf00c445}</UniqueIdentifier>
    </Filter>
    <Filter Include="源文件\UI\Panel">
      <UniqueIdentifier>{cf26b501-6061-4397-9065-07935c108b1a}</UniqueIdentifier>
    </Filter>
  </ItemGroup>
  <ItemGroup>
    <ClCompile Include="main.cpp">
      <Filter>源文件</Filter>
    </ClCompile>
    <ClCompile Include="GameManager.cpp">
      <Filter>源文件\Manager</Filter>
    </ClCompile>
    <ClCompile Include="Map.cpp">
      <Filter>源文件</Filter>
    </ClCompile>
    <ClCompile Include="Route.cpp">
      <Filter>源文件</Filter>
    </ClCompile>
    <ClCompile Include="ConfigManager.cpp">
      <Filter>源文件\Manager</Filter>
    </ClCompile>
    <ClCompile Include="..\ThirdParty\cJSON\cJSON.c">
      <Filter>源文件\cJSON</Filter>
    </ClCompile>
    <ClCompile Include="ResourceManager.cpp">
      <Filter>源文件\Manager</Filter>
    </ClCompile>
    <ClCompile Include="Timer.cpp">
      <Filter>源文件</Filter>
    </ClCompile>
    <ClCompile Include="Animation.cpp">
      <Filter>源文件</Filter>
    </ClCompile>
    <ClCompile Include="Enemy.cpp">
      <Filter>源文件\Enemy</Filter>
    </ClCompile>
    <ClCompile Include="Vector2.cpp">
      <Filter>源文件</Filter>
    </ClCompile>
    <ClCompile Include="SlimEnemy.cpp">
      <Filter>源文件\Enemy</Filter>
    </ClCompile>
    <ClCompile Include="KingSlimEnemy.cpp">
      <Filter>源文件\Enemy</Filter>
    </ClCompile>
    <ClCompile Include="GoblinEnemy.cpp">
      <Filter>源文件\Enemy</Filter>
    </ClCompile>
    <ClCompile Include="SkeletonEnemy.cpp">
      <Filter>源文件\Enemy</Filter>
    </ClCompile>
    <ClCompile Include="GoblinPriestEnemy.cpp">
      <Filter>源文件\Enemy</Filter>
    </ClCompile>
    <ClCompile Include="EnemyManager.cpp">
      <Filter>源文件\Manager</Filter>
    </ClCompile>
    <ClCompile Include="HomeManager.cpp">
      <Filter>源文件\Manager</Filter>
    </ClCompile>
    <ClCompile Include="WaveManager.cpp">
      <Filter>源文件\Manager</Filter>
    </ClCompile>
    <ClCompile Include="CoinManager.cpp">
      <Filter>源文件\Manager</Filter>
    </ClCompile>
    <ClCompile Include="Bullet.cpp">
      <Filter>源文件\bullet</Filter>
    </ClCompile>
    <ClCompile Include="ArrowBullet.cpp">
      <Filter>源文件\bullet</Filter>
    </ClCompile>
    <ClCompile Include="AxeBullet.cpp">
      <Filter>源文件\bullet</Filter>
    </ClCompile>
    <ClCompile Include="ShellBullet.cpp">
      <Filter>源文件\bullet</Filter>
    </ClCompile>
    <ClCompile Include="BulletManager.cpp">
      <Filter>源文件\Manager</Filter>
    </ClCompile>
    <ClCompile Include="Tower.cpp">
      <Filter>源文件\Tower</Filter>
    </ClCompile>
    <ClCompile Include="ArcherTower.cpp">
      <Filter>源文件\Tower</Filter>
    </ClCompile>
    <ClCompile Include="AxemanTower.cpp">
      <Filter>源文件\Tower</Filter>
    </ClCompile>
    <ClCompile Include="GunnerTower.cpp">
      <Filter>源文件\Tower</Filter>
    </ClCompile>
    <ClCompile Include="TowerManager.cpp">
      <Filter>源文件\Manager</Filter>
    </ClCompile>
    <ClCompile Include="CoinProp.cpp">
      <Filter>源文件</Filter>
    </ClCompile>
    <ClCompile Include="PlacePanel.cpp">
      <Filter>源文件\UI\Panel</Filter>
    </ClCompile>
    <ClCompile Include="Panel.cpp">
      <Filter>源文件\UI\Panel</Filter>
    </ClCompile>
    <ClCompile Include="UpgradePanel.cpp">
      <Filter>源文件\UI\Panel</Filter>
    </ClCompile>
    <ClCompile Include="PlayerManager.cpp">
      <Filter>源文件</Filter>
    </ClCompile>
    <ClCompile Include="StatusBar.cpp">
      <Filter>源文件\UI</Filter>
    </ClCompile>
    <ClCompile Include="Banner.cpp">
      <Filter>源文件\UI</Filter>
    </ClCompile>
  </ItemGroup>
  <ItemGroup>
    <ClInclude Include="Manager.h">
      <Filter>头文件\Manager</Filter>
    </ClInclude>
    <ClInclude Include="GameManager.h">
      <Filter>头文件\Manager</Filter>
    </ClInclude>
    <ClInclude Include="Map.h">
      <Filter>头文件</Filter>
    </ClInclude>
    <ClInclude Include="Tile.h">
      <Filter>头文件</Filter>
    </ClInclude>
    <ClInclude Include="Route.h">
      <Filter>头文件</Filter>
    </ClInclude>
    <ClInclude Include="ConfigManager.h">
      <Filter>头文件\Manager</Filter>
    </ClInclude>
    <ClInclude Include="Wave.h">
      <Filter>头文件</Filter>
    </ClInclude>
    <ClInclude Include="ResourceManager.h">
      <Filter>头文件\Manager</Filter>
    </ClInclude>
    <ClInclude Include="Timer.h">
      <Filter>头文件</Filter>
    </ClInclude>
    <ClInclude Include="Animation.h">
      <Filter>头文件</Filter>
    </ClInclude>
    <ClInclude Include="EnemyType.h">
      <Filter>头文件\Enemy</Filter>
    </ClInclude>
    <ClInclude Include="Enemy.h">
      <Filter>头文件\Enemy</Filter>
    </ClInclude>
    <ClInclude Include="Vector2.h">
      <Filter>头文件</Filter>
    </ClInclude>
    <ClInclude Include="SlimEnemy.h">
      <Filter>头文件\Enemy</Filter>
    </ClInclude>
    <ClInclude Include="KingSlimEnemy.h">
      <Filter>头文件\Enemy</Filter>
    </ClInclude>
    <ClInclude Include="GoblinEnemy.h">
      <Filter>头文件\Enemy</Filter>
    </ClInclude>
    <ClInclude Include="GoblinPriestEnemy.h">
      <Filter>头文件\Enemy</Filter>
    </ClInclude>
    <ClInclude Include="EnemyManager.h">
      <Filter>头文件\Manager</Filter>
    </ClInclude>
    <ClInclude Include="HomeManager.h">
      <Filter>头文件\Manager</Filter>
    </ClInclude>
    <ClInclude Include="WaveManager.h">
      <Filter>头文件\Manager</Filter>
    </ClInclude>
    <ClInclude Include="CoinManager.h">
      <Filter>头文件\Manager</Filter>
    </ClInclude>
    <ClInclude Include="SkeletonEnemy.h">
      <Filter>头文件\Enemy</Filter>
    </ClInclude>
    <ClInclude Include="Bullet.h">
      <Filter>头文件\bullet</Filter>
    </ClInclude>
    <ClInclude Include="ArrowBullet.h">
      <Filter>头文件\bullet</Filter>
    </ClInclude>
    <ClInclude Include="AxeBullet.h">
      <Filter>头文件\bullet</Filter>
    </ClInclude>
    <ClInclude Include="ShellBullet.h">
      <Filter>头文件\bullet</Filter>
    </ClInclude>
    <ClInclude Include="BulletType.h">
      <Filter>头文件\bullet</Filter>
    </ClInclude>
    <ClInclude Include="BulletManager.h">
      <Filter>头文件\Manager</Filter>
    </ClInclude>
    <ClInclude Include="TowerType.h">
      <Filter>头文件\Tower</Filter>
    </ClInclude>
    <ClInclude Include="Facing.h">
      <Filter>头文件</Filter>
    </ClInclude>
    <ClInclude Include="Tower.h">
      <Filter>头文件\Tower</Filter>
    </ClInclude>
    <ClInclude Include="ArcherTower.h">
      <Filter>头文件\Tower</Filter>
    </ClInclude>
    <ClInclude Include="AxemanTower.h">
      <Filter>头文件\Tower</Filter>
    </ClInclude>
    <ClInclude Include="GunnerTower.h">
      <Filter>头文件\Tower</Filter>
    </ClInclude>
    <ClInclude Include="TowerManager.h">
      <Filter>头文件\Manager</Filter>
    </ClInclude>
    <ClInclude Include="CoinProp.h">
      <Filter>头文件</Filter>
    </ClInclude>
    <ClInclude Include="PlacePanel.h">
      <Filter>头文件\UI\Panel</Filter>
    </ClInclude>
    <ClInclude Include="Panel.h">
      <Filter>头文件\UI\Panel</Filter>
    </ClInclude>
    <ClInclude Include="UpgradePanel.h">
      <Filter>头文件\UI\Panel</Filter>
    </ClInclude>
    <ClInclude Include="PlayerManager.h">
      <Filter>头文件\Manager</Filter>
    </ClInclude>
    <ClInclude Include="StatusBar.h">
      <Filter>头文件\UI</Filter>
    </ClInclude>
    <ClInclude Include="Banner.h">
      <Filter>头文件\UI</Filter>
    </ClInclude>
  </ItemGroup>
</Project>